2
git https://github.com/vrischmann/zig-sqlite commit-de708c4598c84c168e3412ca6e367b98e1fd5f9f
git https://github.com/vrischmann/zig-prometheus commit-87a9b984e1b58f38da8e267c335bdc95b899907c
git https://github.com/Luukdegram/apple_pie.git commit-eebe131ec0c252aeef4605782fd07afc61e350d8
git https://github.com/MasterQ32/zig-args commit-689a5a0ee6d7be588702a799c55bfddb7db32016
